# This file was autogenerated by uv via the following command:
#    uv pip compile requirements.txt -o requirements.lock
aiohappyeyeballs==2.3.4
    # via aiohttp
aiohttp==3.10.0
    # via discord-py-self
aiosignal==1.3.1
    # via aiohttp
async-timeout==4.0.3
    # via aiohttp
attrs==23.2.0
    # via aiohttp
blinker==1.8.2
    # via flask
certifi==2024.7.4
    # via
    #   requests
    #   webull
cffi==1.16.0
    # via cryptography
chardet==5.2.0
    # via webull
charset-normalizer==2.1.1
    # via requests
click==8.1.7
    # via flask
colorama==0.4.6
    # via -r requirements.txt
contourpy==1.2.1
    # via matplotlib
cryptography==43.0.0
    # via pyopenssl
cycler==0.12.1
    # via matplotlib
discord-protos==0.0.2
    # via discord-py-self
discord-py-self==2.0.0
    # via -r requirements.txt
discord-webhook==1.3.1
    # via -r requirements.txt
dnspython==2.6.1
    # via email-validator
email-validator==2.2.0
    # via webull
flask==3.0.3
    # via td-ameritrade-python-api
fonttools==4.53.1
    # via matplotlib
frozenlist==1.4.1
    # via
    #   aiohttp
    #   aiosignal
idna==3.7
    # via
    #   email-validator
    #   requests
    #   webull
    #   yarl
itsdangerous==2.2.0
    # via flask
jinja2==3.1.4
    # via flask
jxmlease==1.0.3
    # via pyetrade
kiwisolver==1.4.5
    # via matplotlib
markupsafe==2.1.5
    # via
    #   jinja2
    #   werkzeug
matplotlib==3.9.0
    # via -r requirements.txt
multidict==6.0.5
    # via
    #   aiohttp
    #   yarl
numpy==1.26.4
    # via
    #   -r requirements.txt
    #   contourpy
    #   matplotlib
    #   pandas
    #   webull
oauthlib==3.2.2
    # via requests-oauthlib
packaging==24.1
    # via matplotlib
paho-mqtt==2.1.0
    # via webull
pandas==2.2.2
    # via
    #   -r requirements.txt
    #   webull
pillow==10.4.0
    # via matplotlib
protobuf==5.27.3
    # via discord-protos
pycparser==2.22
    # via cffi
pyetrade==2.0.1
    # via -r requirements.txt
pyopenssl==24.2.1
    # via td-ameritrade-python-api
pyparsing==3.1.2
    # via matplotlib
pyside6==6.7.2
    # via -r requirements.txt
pyside6-addons==6.7.2
    # via pyside6
pyside6-essentials==6.7.2
    # via
    #   pyside6
    #   pyside6-addons
pysimpleguiqt==5.0.0
    # via -r requirements.txt
python-dateutil==2.9.0.post0
    # via
    #   matplotlib
    #   pandas
    #   pyetrade
    #   webull
pytz==2024.1
    # via
    #   pandas
    #   webull
requests==2.28.1
    # via
    #   -r requirements.txt
    #   discord-webhook
    #   pyetrade
    #   requests-oauthlib
    #   td-ameritrade-python-api
    #   webull
requests-oauthlib==2.0.0
    # via
    #   pyetrade
    #   td-ameritrade-python-api
shiboken6==6.7.2
    # via
    #   pyside6
    #   pyside6-addons
    #   pyside6-essentials
six==1.16.0
    # via
    #   python-dateutil
    #   webull
td-ameritrade-python-api==0.3.5
    # via -r requirements.txt
tzdata==2024.1
    # via pandas
urllib3==1.26.19
    # via
    #   requests
    #   webull
websockets==12.0
    # via td-ameritrade-python-api
webull==0.6.1
    # via -r requirements.txt
werkzeug==3.0.3
    # via flask
xmltodict==0.13.0
    # via pyetrade
yarl==1.9.4
    # via aiohttp
